requires-python = ">=3.10"
version = 1

[metadata]
lock-format = "simple"

[[package]]
name = "fastapi"
version = "0.111.0"
source = { registry = "pypi" }

[[package]]
name = "uvicorn"
version = "0.29.0"
source = { registry = "pypi" }

[[package]]
name = "pydantic"
version = "2.7.0"
source = { registry = "pypi" }

[[package]]
name = "requests"
version = "2.31.0"
source = { registry = "pypi" }

[[package]]
name = "python-multipart"
version = "0.0.9"
source = { registry = "pypi" }

[[package]]
name = "websockets"
version = "12.0"
source = { registry = "pypi" }

[[package]]
name = "openai"
version = "1.0.0"
source = { registry = "pypi" }

[[package]]
name = "python-dotenv"
version = "1.0.0"
source = { registry = "pypi" }

[[package]]
name = "pyyaml"
version = "6.0.1"
source = { registry = "pypi" }

[[package]]
name = "rich"
version = "13.7.1"
source = { registry = "pypi" }

[[package]]
name = "aiofiles"
version = "23.2.1"
source = { registry = "pypi" }

# Optional test deps
[[package]]
name = "pytest"
version = "8.2.0"
source = { registry = "pypi" }

[[package]]
name = "httpx"
version = "0.27.2"
source = { registry = "pypi" }
